
Microsoft Visual Studio Solution File, Format Version 12.00
# Visual Studio Version 17
VisualStudioVersion = 17.11.35312.102
MinimumVisualStudioVersion = 10.0.40219.1
Project("{FAE04EC0-301F-11D3-BF4B-00C04F79EFBC}") = "Tumakov_lab5", "Tumakov_lab5\Tumakov_lab5.csproj", "{1C5CEAAB-5192-43C3-BFA6-86CF4AD1C703}"
EndProject
Project("{FAE04EC0-301F-11D3-BF4B-00C04F79EFBC}") = "Tasks_from_file4", "Tasks_from_file4\Tasks_from_file4.csproj", "{8DE3E7C5-1DDB-4908-9ADD-E16D252EDE7A}"
EndProject
Global
	GlobalSection(SolutionConfigurationPlatforms) = preSolution
		Debug|Any CPU = Debug|Any CPU
		Release|Any CPU = Release|Any CPU
	EndGlobalSection
	GlobalSection(ProjectConfigurationPlatforms) = postSolution
		{1C5CEAAB-5192-43C3-BFA6-86CF4AD1C703}.Debug|Any CPU.ActiveCfg = Debug|Any CPU
		{1C5CEAAB-5192-43C3-BFA6-86CF4AD1C703}.Debug|Any CPU.Build.0 = Debug|Any CPU
		{1C5CEAAB-5192-43C3-BFA6-86CF4AD1C703}.Release|Any CPU.ActiveCfg = Release|Any CPU
		{1C5CEAAB-5192-43C3-BFA6-86CF4AD1C703}.Release|Any CPU.Build.0 = Release|Any CPU
		{8DE3E7C5-1DDB-4908-9ADD-E16D252EDE7A}.Debug|Any CPU.ActiveCfg = Debug|Any CPU
		{8DE3E7C5-1DDB-4908-9ADD-E16D252EDE7A}.Debug|Any CPU.Build.0 = Debug|Any CPU
		{8DE3E7C5-1DDB-4908-9ADD-E16D252EDE7A}.Release|Any CPU.ActiveCfg = Release|Any CPU
		{8DE3E7C5-1DDB-4908-9ADD-E16D252EDE7A}.Release|Any CPU.Build.0 = Release|Any CPU
	EndGlobalSection
	GlobalSection(SolutionProperties) = preSolution
		HideSolutionNode = FALSE
	EndGlobalSection
	GlobalSection(ExtensibilityGlobals) = postSolution
		SolutionGuid = {FD19FF23-29EC-4B12-A44D-E69AC4FB32C5}
	EndGlobalSection
EndGlobal
